{
  "lockfileVersion": 1,
  "workspaces": {
    "": {
      "name": "@kbnet/seed",
      "dependencies": {
        "dotenv": "^16.5.0",
      },
    },
  },
  "packages": {
    "dotenv": ["dotenv@16.5.0", "", {}, "sha512-m/C+AwOAr9/W1UOIZUo232ejMNnJAJtYQjUbHoNTBNTJSvqzzDh7vnrei3o3r3m9blf6ZoDkvcw0VmozNRFJxg=="],
  }
}
